// !$*UTF8*$!
{
	archiveVersion = 1;
	classes = {
	};
	objectVersion = 48;
	objects = {

/* Begin PBXBuildFile section */
		57058B671FFA32F500E2C91D /* AppDelegate.swift in Sources */ = {isa = PBXBuildFile; fileRef = 57058B661FFA32F500E2C91D /* AppDelegate.swift */; };
		57058B691FFA32F500E2C91D /* ViewController.swift in Sources */ = {isa = PBXBuildFile; fileRef = 57058B681FFA32F500E2C91D /* ViewController.swift */; };
		57058B6C1FFA32F500E2C91D /* Main.storyboard in Resources */ = {isa = PBXBuildFile; fileRef = 57058B6A1FFA32F500E2C91D /* Main.storyboard */; };
		57058B6E1FFA32F500E2C91D /* Assets.xcassets in Resources */ = {isa = PBXBuildFile; fileRef = 57058B6D1FFA32F500E2C91D /* Assets.xcassets */; };
		57058B711FFA32F500E2C91D /* LaunchScreen.storyboard in Resources */ = {isa = PBXBuildFile; fileRef = 57058B6F1FFA32F500E2C91D /* LaunchScreen.storyboard */; };
		57058B7C1FFA32F500E2C91D /* DemoTests.swift in Sources */ = {isa = PBXBuildFile; fileRef = 57058B7B1FFA32F500E2C91D /* DemoTests.swift */; };
		57058B871FFA32F500E2C91D /* DemoUITests.swift in Sources */ = {isa = PBXBuildFile; fileRef = 57058B861FFA32F500E2C91D /* DemoUITests.swift */; };
		66AE20051BF18C4914EC90F3 /* Pods_DemoTests.framework in Frameworks */ = {isa = PBXBuildFile; fileRef = A2AAFBBFB72DC18D14CBEC11 /* Pods_DemoTests.framework */; };
		D07C49FEE328A674862C8F88 /* Pods_Demo.framework in Frameworks */ = {isa = PBXBuildFile; fileRef = C4A31A958A0846596C2806B3 /* Pods_Demo.framework */; };
/* End PBXBuildFile section */

/* Begin PBXContainerItemProxy section */
		57058B781FFA32F500E2C91D /* PBXContainerItemProxy */ = {
			isa = PBXContainerItemProxy;
			containerPortal = 57058B5B1FFA32F500E2C91D /* Project object */;
			proxyType = 1;
			remoteGlobalIDString = 57058B621FFA32F500E2C91D;
			remoteInfo = Demo;
		};
		57058B831FFA32F500E2C91D /* PBXContainerItemProxy */ = {
			isa = PBXContainerItemProxy;
			containerPortal = 57058B5B1FFA32F500E2C91D /* Project object */;
			proxyType = 1;
			remoteGlobalIDString = 57058B621FFA32F500E2C91D;
			remoteInfo = Demo;
		};
/* End PBXContainerItemProxy section */

/* Begin PBXFileReference section */
		2F9EF0078EF75E01DCDB7D9A /* Pods-Demo.release.xcconfig */ = {isa = PBXFileReference; includeInIndex = 1; lastKnownFileType = text.xcconfig; name = "Pods-Demo.release.xcconfig"; path = "Pods/Target Support Files/Pods-Demo/Pods-Demo.release.xcconfig"; sourceTree = "<group>"; };
		57058B631FFA32F500E2C91D /* Demo.app */ = {isa = PBXFileReference; explicitFileType = wrapper.application; includeInIndex = 0; path = Demo.app; sourceTree = BUILT_PRODUCTS_DIR; };
		57058B661FFA32F500E2C91D /* AppDelegate.swift */ = {isa = PBXFileReference; lastKnownFileType = sourcecode.swift; path = AppDelegate.swift; sourceTree = "<group>"; };
		57058B681FFA32F500E2C91D /* ViewController.swift */ = {isa = PBXFileReference; lastKnownFileType = sourcecode.swift; path = ViewController.swift; sourceTree = "<group>"; };
		57058B6B1FFA32F500E2C91D /* Base */ = {isa = PBXFileReference; lastKnownFileType = file.storyboard; name = Base; path = Base.lproj/Main.storyboard; sourceTree = "<group>"; };
		57058B6D1FFA32F500E2C91D /* Assets.xcassets */ = {isa = PBXFileReference; lastKnownFileType = folder.assetcatalog; path = Assets.xcassets; sourceTree = "<group>"; };
		57058B701FFA32F500E2C91D /* Base */ = {isa = PBXFileReference; lastKnownFileType = file.storyboard; name = Base; path = Base.lproj/LaunchScreen.storyboard; sourceTree = "<group>"; };
		57058B721FFA32F500E2C91D /* Info.plist */ = {isa = PBXFileReference; lastKnownFileType = text.plist.xml; path = Info.plist; sourceTree = "<group>"; };
		57058B771FFA32F500E2C91D /* DemoTests.xctest */ = {isa = PBXFileReference; explicitFileType = wrapper.cfbundle; includeInIndex = 0; path = DemoTests.xctest; sourceTree = BUILT_PRODUCTS_DIR; };
		57058B7B1FFA32F500E2C91D /* DemoTests.swift */ = {isa = PBXFileReference; lastKnownFileType = sourcecode.swift; path = DemoTests.swift; sourceTree = "<group>"; };
		57058B7D1FFA32F500E2C91D /* Info.plist */ = {isa = PBXFileReference; lastKnownFileType = text.plist.xml; path = Info.plist; sourceTree = "<group>"; };
		57058B821FFA32F500E2C91D /* DemoUITests.xctest */ = {isa = PBXFileReference; explicitFileType = wrapper.cfbundle; includeInIndex = 0; path = DemoUITests.xctest; sourceTree = BUILT_PRODUCTS_DIR; };
		57058B861FFA32F500E2C91D /* DemoUITests.swift */ = {isa = PBXFileReference; lastKnownFileType = sourcecode.swift; path = DemoUITests.swift; sourceTree = "<group>"; };
		57058B881FFA32F500E2C91D /* Info.plist */ = {isa = PBXFileReference; lastKnownFileType = text.plist.xml; path = Info.plist; sourceTree = "<group>"; };
		61663981781F5689983D7245 /* Pods-Demo.debug.xcconfig */ = {isa = PBXFileReference; includeInIndex = 1; lastKnownFileType = text.xcconfig; name = "Pods-Demo.debug.xcconfig"; path = "Pods/Target Support Files/Pods-Demo/Pods-Demo.debug.xcconfig"; sourceTree = "<group>"; };
		688AA5E4F3B880371A889D4D /* Pods-DemoTests.debug.xcconfig */ = {isa = PBXFileReference; includeInIndex = 1; lastKnownFileType = text.xcconfig; name = "Pods-DemoTests.debug.xcconfig"; path = "Pods/Target Support Files/Pods-DemoTests/Pods-DemoTests.debug.xcconfig"; sourceTree = "<group>"; };
		8A93AA372D23FC51F4F70F03 /* Pods-DemoTests.release.xcconfig */ = {isa = PBXFileReference; includeInIndex = 1; lastKnownFileType = text.xcconfig; name = "Pods-DemoTests.release.xcconfig"; path = "Pods/Target Support Files/Pods-DemoTests/Pods-DemoTests.release.xcconfig"; sourceTree = "<group>"; };
		A2AAFBBFB72DC18D14CBEC11 /* Pods_DemoTests.framework */ = {isa = PBXFileReference; explicitFileType = wrapper.framework; includeInIndex = 0; path = Pods_DemoTests.framework; sourceTree = BUILT_PRODUCTS_DIR; };
		C4A31A958A0846596C2806B3 /* Pods_Demo.framework */ = {isa = PBXFileReference; explicitFileType = wrapper.framework; includeInIndex = 0; path = Pods_Demo.framework; sourceTree = BUILT_PRODUCTS_DIR; };
/* End PBXFileReference section */

/* Begin PBXFrameworksBuildPhase section */
		57058B601FFA32F500E2C91D /* Frameworks */ = {
			isa = PBXFrameworksBuildPhase;
			buildActionMask = 2147483647;
			files = (
				D07C49FEE328A674862C8F88 /* Pods_Demo.framework in Frameworks */,
			);
			runOnlyForDeploymentPostprocessing = 0;
		};
		57058B741FFA32F500E2C91D /* Frameworks */ = {
			isa = PBXFrameworksBuildPhase;
			buildActionMask = 2147483647;
			files = (
				66AE20051BF18C4914EC90F3 /* Pods_DemoTests.framework in Frameworks */,
			);
			runOnlyForDeploymentPostprocessing = 0;
		};
		57058B7F1FFA32F500E2C91D /* Frameworks */ = {
			isa = PBXFrameworksBuildPhase;
			buildActionMask = 2147483647;
			files = (
			);
			runOnlyForDeploymentPostprocessing = 0;
		};
/* End PBXFrameworksBuildPhase section */

/* Begin PBXGroup section */
		57058B5A1FFA32F500E2C91D = {
			isa = PBXGroup;
			children = (
				57058B651FFA32F500E2C91D /* Demo */,
				57058B7A1FFA32F500E2C91D /* DemoTests */,
				57058B851FFA32F500E2C91D /* DemoUITests */,
				57058B641FFA32F500E2C91D /* Products */,
				66A3F83BAF6461CDABA0A194 /* Pods */,
				69402AC6725655FE841B5155 /* Frameworks */,
			);
			sourceTree = "<group>";
		};
		57058B641FFA32F500E2C91D /* Products */ = {
			isa = PBXGroup;
			children = (
				57058B631FFA32F500E2C91D /* Demo.app */,
				57058B771FFA32F500E2C91D /* DemoTests.xctest */,
				57058B821FFA32F500E2C91D /* DemoUITests.xctest */,
			);
			name = Products;
			sourceTree = "<group>";
		};
		57058B651FFA32F500E2C91D /* Demo */ = {
			isa = PBXGroup;
			children = (
				57058B661FFA32F500E2C91D /* AppDelegate.swift */,
				57058B681FFA32F500E2C91D /* ViewController.swift */,
				57058B6A1FFA32F500E2C91D /* Main.storyboard */,
				57058B6D1FFA32F500E2C91D /* Assets.xcassets */,
				57058B6F1FFA32F500E2C91D /* LaunchScreen.storyboard */,
				57058B721FFA32F500E2C91D /* Info.plist */,
			);
			path = Demo;
			sourceTree = "<group>";
		};
		57058B7A1FFA32F500E2C91D /* DemoTests */ = {
			isa = PBXGroup;
			children = (
				57058B7B1FFA32F500E2C91D /* DemoTests.swift */,
				57058B7D1FFA32F500E2C91D /* Info.plist */,
			);
			path = DemoTests;
			sourceTree = "<group>";
		};
		57058B851FFA32F500E2C91D /* DemoUITests */ = {
			isa = PBXGroup;
			children = (
				57058B861FFA32F500E2C91D /* DemoUITests.swift */,
				57058B881FFA32F500E2C91D /* Info.plist */,
			);
			path = DemoUITests;
			sourceTree = "<group>";
		};
		66A3F83BAF6461CDABA0A194 /* Pods */ = {
			isa = PBXGroup;
			children = (
				61663981781F5689983D7245 /* Pods-Demo.debug.xcconfig */,
				2F9EF0078EF75E01DCDB7D9A /* Pods-Demo.release.xcconfig */,
				688AA5E4F3B880371A889D4D /* Pods-DemoTests.debug.xcconfig */,
				8A93AA372D23FC51F4F70F03 /* Pods-DemoTests.release.xcconfig */,
			);
			name = Pods;
			sourceTree = "<group>";
		};
		69402AC6725655FE841B5155 /* Frameworks */ = {
			isa = PBXGroup;
			children = (
				C4A31A958A0846596C2806B3 /* Pods_Demo.framework */,
				A2AAFBBFB72DC18D14CBEC11 /* Pods_DemoTests.framework */,
			);
			name = Frameworks;
			sourceTree = "<group>";
		};
/* End PBXGroup section */

/* Begin PBXNativeTarget section */
		57058B621FFA32F500E2C91D /* Demo */ = {
			isa = PBXNativeTarget;
			buildConfigurationList = 57058B8B1FFA32F500E2C91D /* Build configuration list for PBXNativeTarget "Demo" */;
			buildPhases = (
				8104EE5685C49B668DD6C161 /* [CP] Check Pods Manifest.lock */,
				57058B5F1FFA32F500E2C91D /* Sources */,
				57058B601FFA32F500E2C91D /* Frameworks */,
				57058B611FFA32F500E2C91D /* Resources */,
				896CAF0E82859EBC1C9081EB /* [CP] Embed Pods Frameworks */,
				885838E3C851E73EF041A184 /* [CP] Copy Pods Resources */,
			);
			buildRules = (
			);
			dependencies = (
			);
			name = Demo;
			productName = Demo;
			productReference = 57058B631FFA32F500E2C91D /* Demo.app */;
			productType = "com.apple.product-type.application";
		};
		57058B761FFA32F500E2C91D /* DemoTests */ = {
			isa = PBXNativeTarget;
			buildConfigurationList = 57058B8E1FFA32F500E2C91D /* Build configuration list for PBXNativeTarget "DemoTests" */;
			buildPhases = (
				A9DEE0F493E2D005EDDC8ADE /* [CP] Check Pods Manifest.lock */,
				57058B731FFA32F500E2C91D /* Sources */,
				57058B741FFA32F500E2C91D /* Frameworks */,
				57058B751FFA32F500E2C91D /* Resources */,
				8876D9CE6B30EF3BBD1F3903 /* [CP] Embed Pods Frameworks */,
				A6B1613B65BCD7F9D5FFA8C5 /* [CP] Copy Pods Resources */,
			);
			buildRules = (
			);
			dependencies = (
				57058B791FFA32F500E2C91D /* PBXTargetDependency */,
			);
			name = DemoTests;
			productName = DemoTests;
			productReference = 57058B771FFA32F500E2C91D /* DemoTests.xctest */;
			productType = "com.apple.product-type.bundle.unit-test";
		};
		57058B811FFA32F500E2C91D /* DemoUITests */ = {
			isa = PBXNativeTarget;
			buildConfigurationList = 57058B911FFA32F500E2C91D /* Build configuration list for PBXNativeTarget "DemoUITests" */;
			buildPhases = (
				57058B7E1FFA32F500E2C91D /* Sources */,
				57058B7F1FFA32F500E2C91D /* Frameworks */,
				57058B801FFA32F500E2C91D /* Resources */,
			);
			buildRules = (
			);
			dependencies = (
				57058B841FFA32F500E2C91D /* PBXTargetDependency */,
			);
			name = DemoUITests;
			productName = DemoUITests;
			productReference = 57058B821FFA32F500E2C91D /* DemoUITests.xctest */;
			productType = "com.apple.product-type.bundle.ui-testing";
		};
/* End PBXNativeTarget section */

/* Begin PBXProject section */
		57058B5B1FFA32F500E2C91D /* Project object */ = {
			isa = PBXProject;
			attributes = {
				LastSwiftUpdateCheck = 0920;
				LastUpgradeCheck = 0920;
				ORGANIZATIONNAME = masato;
				TargetAttributes = {
					57058B621FFA32F500E2C91D = {
						CreatedOnToolsVersion = 9.2;
						ProvisioningStyle = Automatic;
					};
					57058B761FFA32F500E2C91D = {
						CreatedOnToolsVersion = 9.2;
						ProvisioningStyle = Automatic;
						TestTargetID = 57058B621FFA32F500E2C91D;
					};
					57058B811FFA32F500E2C91D = {
						CreatedOnToolsVersion = 9.2;
						ProvisioningStyle = Automatic;
						TestTargetID = 57058B621FFA32F500E2C91D;
					};
				};
			};
			buildConfigurationList = 57058B5E1FFA32F500E2C91D /* Build configuration list for PBXProject "Demo" */;
			compatibilityVersion = "Xcode 8.0";
			developmentRegion = en;
			hasScannedForEncodings = 0;
			knownRegions = (
				en,
				Base,
			);
			mainGroup = 57058B5A1FFA32F500E2C91D;
			productRefGroup = 57058B641FFA32F500E2C91D /* Products */;
			projectDirPath = "";
			projectRoot = "";
			targets = (
				57058B621FFA32F500E2C91D /* Demo */,
				57058B761FFA32F500E2C91D /* DemoTests */,
				57058B811FFA32F500E2C91D /* DemoUITests */,
			);
		};
/* End PBXProject section */

/* Begin PBXResourcesBuildPhase section */
		57058B611FFA32F500E2C91D /* Resources */ = {
			isa = PBXResourcesBuildPhase;
			buildActionMask = 2147483647;
			files = (
				57058B711FFA32F500E2C91D /* LaunchScreen.storyboard in Resources */,
				57058B6E1FFA32F500E2C91D /* Assets.xcassets in Resources */,
				57058B6C1FFA32F500E2C91D /* Main.storyboard in Resources */,
			);
			runOnlyForDeploymentPostprocessing = 0;
		};
		57058B751FFA32F500E2C91D /* Resources */ = {
			isa = PBXResourcesBuildPhase;
			buildActionMask = 2147483647;
			files = (
			);
			runOnlyForDeploymentPostprocessing = 0;
		};
		57058B801FFA32F500E2C91D /* Resources */ = {
			isa = PBXResourcesBuildPhase;
			buildActionMask = 2147483647;
			files = (
			);
			runOnlyForDeploymentPostprocessing = 0;
		};
/* End PBXResourcesBuildPhase section */

/* Begin PBXShellScriptBuildPhase section */
		8104EE5685C49B668DD6C161 /* [CP] Check Pods Manifest.lock */ = {
			isa = PBXShellScriptBuildPhase;
			buildActionMask = 2147483647;
			files = (
			);
			inputPaths = (
				"${PODS_PODFILE_DIR_PATH}/Podfile.lock",
				"${PODS_ROOT}/Manifest.lock",
			);
			name = "[CP] Check Pods Manifest.lock";
			outputPaths = (
				"$(DERIVED_FILE_DIR)/Pods-Demo-checkManifestLockResult.txt",
			);
			runOnlyForDeploymentPostprocessing = 0;
			shellPath = /bin/sh;
			shellScript = "diff \"${PODS_PODFILE_DIR_PATH}/Podfile.lock\" \"${PODS_ROOT}/Manifest.lock\" > /dev/null\nif [ $? != 0 ] ; then\n    # print error to STDERR\n    echo \"error: The sandbox is not in sync with the Podfile.lock. Run 'pod install' or update your CocoaPods installation.\" >&2\n    exit 1\nfi\n# This output is used by Xcode 'outputs' to avoid re-running this script phase.\necho \"SUCCESS\" > \"${SCRIPT_OUTPUT_FILE_0}\"\n";
			showEnvVarsInLog = 0;
		};
		885838E3C851E73EF041A184 /* [CP] Copy Pods Resources */ = {
			isa = PBXShellScriptBuildPhase;
			buildActionMask = 2147483647;
			files = (
			);
			inputPaths = (
			);
			name = "[CP] Copy Pods Resources";
			outputPaths = (
			);
			runOnlyForDeploymentPostprocessing = 0;
			shellPath = /bin/sh;
			shellScript = "\"${SRCROOT}/Pods/Target Support Files/Pods-Demo/Pods-Demo-resources.sh\"\n";
			showEnvVarsInLog = 0;
		};
		8876D9CE6B30EF3BBD1F3903 /* [CP] Embed Pods Frameworks */ = {
			isa = PBXShellScriptBuildPhase;
			buildActionMask = 2147483647;
			files = (
			);
			inputPaths = (
			);
			name = "[CP] Embed Pods Frameworks";
			outputPaths = (
			);
			runOnlyForDeploymentPostprocessing = 0;
			shellPath = /bin/sh;
			shellScript = "\"${SRCROOT}/Pods/Target Support Files/Pods-DemoTests/Pods-DemoTests-frameworks.sh\"\n";
			showEnvVarsInLog = 0;
		};
		896CAF0E82859EBC1C9081EB /* [CP] Embed Pods Frameworks */ = {
			isa = PBXShellScriptBuildPhase;
			buildActionMask = 2147483647;
			files = (
			);
			inputPaths = (
			);
			name = "[CP] Embed Pods Frameworks";
			outputPaths = (
			);
			runOnlyForDeploymentPostprocessing = 0;
			shellPath = /bin/sh;
			shellScript = "\"${SRCROOT}/Pods/Target Support Files/Pods-Demo/Pods-Demo-frameworks.sh\"\n";
			showEnvVarsInLog = 0;
		};
		A6B1613B65BCD7F9D5FFA8C5 /* [CP] Copy Pods Resources */ = {
			isa = PBXShellScriptBuildPhase;
			buildActionMask = 2147483647;
			files = (
			);
			inputPaths = (
			);
			name = "[CP] Copy Pods Resources";
			outputPaths = (
			);
			runOnlyForDeploymentPostprocessing = 0;
			shellPath = /bin/sh;
			shellScript = "\"${SRCROOT}/Pods/Target Support Files/Pods-DemoTests/Pods-DemoTests-resources.sh\"\n";
			showEnvVarsInLog = 0;
		};
		A9DEE0F493E2D005EDDC8ADE /* [CP] Check Pods Manifest.lock */ = {
			isa = PBXShellScriptBuildPhase;
			buildActionMask = 2147483647;
			files = (
			);
			inputPaths = (
				"${PODS_PODFILE_DIR_PATH}/Podfile.lock",
				"${PODS_ROOT}/Manifest.lock",
			);
			name = "[CP] Check Pods Manifest.lock";
			outputPaths = (
				"$(DERIVED_FILE_DIR)/Pods-DemoTests-checkManifestLockResult.txt",
			);
			runOnlyForDeploymentPostprocessing = 0;
			shellPath = /bin/sh;
			shellScript = "diff \"${PODS_PODFILE_DIR_PATH}/Podfile.lock\" \"${PODS_ROOT}/Manifest.lock\" > /dev/null\nif [ $? != 0 ] ; then\n    # print error to STDERR\n    echo \"error: The sandbox is not in sync with the Podfile.lock. Run 'pod install' or update your CocoaPods installation.\" >&2\n    exit 1\nfi\n# This output is used by Xcode 'outputs' to avoid re-running this script phase.\necho \"SUCCESS\" > \"${SCRIPT_OUTPUT_FILE_0}\"\n";
			showEnvVarsInLog = 0;
		};
/* End PBXShellScriptBuildPhase section */

/* Begin PBXSourcesBuildPhase section */
		57058B5F1FFA32F500E2C91D /* Sources */ = {
			isa = PBXSourcesBuildPhase;
			buildActionMask = 2147483647;
			files = (
				57058B691FFA32F500E2C91D /* ViewController.swift in Sources */,
				57058B671FFA32F500E2C91D /* AppDelegate.swift in Sources */,
			);
			runOnlyForDeploymentPostprocessing = 0;
		};
		57058B731FFA32F500E2C91D /* Sources */ = {
			isa = PBXSourcesBuildPhase;
			buildActionMask = 2147483647;
			files = (
				57058B7C1FFA32F500E2C91D /* DemoTests.swift in Sources */,
			);
			runOnlyForDeploymentPostprocessing = 0;
		};
		57058B7E1FFA32F500E2C91D /* Sources */ = {
			isa = PBXSourcesBuildPhase;
			buildActionMask = 2147483647;
			files = (
				57058B871FFA32F500E2C91D /* DemoUITests.swift in Sources */,
			);
			runOnlyForDeploymentPostprocessing = 0;
		};
/* End PBXSourcesBuildPhase section */

/* Begin PBXTargetDependency section */
		57058B791FFA32F500E2C91D /* PBXTargetDependency */ = {
			isa = PBXTargetDependency;
			target = 57058B621FFA32F500E2C91D /* Demo */;
			targetProxy = 57058B781FFA32F500E2C91D /* PBXContainerItemProxy */;
		};
		57058B841FFA32F500E2C91D /* PBXTargetDependency */ = {
			isa = PBXTargetDependency;
			target = 57058B621FFA32F500E2C91D /* Demo */;
			targetProxy = 57058B831FFA32F500E2C91D /* PBXContainerItemProxy */;
		};
/* End PBXTargetDependency section */

/* Begin PBXVariantGroup section */
		57058B6A1FFA32F500E2C91D /* Main.storyboard */ = {
			isa = PBXVariantGroup;
			children = (
				57058B6B1FFA32F500E2C91D /* Base */,
			);
			name = Main.storyboard;
			sourceTree = "<group>";
		};
		57058B6F1FFA32F500E2C91D /* LaunchScreen.storyboard */ = {
			isa = PBXVariantGroup;
			children = (
				57058B701FFA32F500E2C91D /* Base */,
			);
			name = LaunchScreen.storyboard;
			sourceTree = "<group>";
		};
/* End PBXVariantGroup section */

/* Begin XCBuildConfiguration section */
		57058B891FFA32F500E2C91D /* Debug */ = {
			isa = XCBuildConfiguration;
			buildSettings = {
				ALWAYS_SEARCH_USER_PATHS = NO;
				CLANG_ANALYZER_NONNULL = YES;
				CLANG_ANALYZER_NUMBER_OBJECT_CONVERSION = YES_AGGRESSIVE;
				CLANG_CXX_LANGUAGE_STANDARD = "gnu++14";
				CLANG_CXX_LIBRARY = "libc++";
				CLANG_ENABLE_MODULES = YES;
				CLANG_ENABLE_OBJC_ARC = YES;
				CLANG_WARN_BLOCK_CAPTURE_AUTORELEASING = YES;
				CLANG_WARN_BOOL_CONVERSION = YES;
				CLANG_WARN_COMMA = YES;
				CLANG_WARN_CONSTANT_CONVERSION = YES;
				CLANG_WARN_DIRECT_OBJC_ISA_USAGE = YES_ERROR;
				CLANG_WARN_DOCUMENTATION_COMMENTS = YES;
				CLANG_WARN_EMPTY_BODY = YES;
				CLANG_WARN_ENUM_CONVERSION = YES;
				CLANG_WARN_INFINITE_RECURSION = YES;
				CLANG_WARN_INT_CONVERSION = YES;
				CLANG_WARN_NON_LITERAL_NULL_CONVERSION = YES;
				CLANG_WARN_OBJC_LITERAL_CONVERSION = YES;
				CLANG_WARN_OBJC_ROOT_CLASS = YES_ERROR;
				CLANG_WARN_RANGE_LOOP_ANALYSIS = YES;
				CLANG_WARN_STRICT_PROTOTYPES = YES;
				CLANG_WARN_SUSPICIOUS_MOVE = YES;
				CLANG_WARN_UNGUARDED_AVAILABILITY = YES_AGGRESSIVE;
				CLANG_WARN_UNREACHABLE_CODE = YES;
				CLANG_WARN__DUPLICATE_METHOD_MATCH = YES;
				CODE_SIGN_IDENTITY = "iPhone Developer";
				COPY_PHASE_STRIP = NO;
				DEBUG_INFORMATION_FORMAT = dwarf;
				ENABLE_STRICT_OBJC_MSGSEND = YES;
				ENABLE_TESTABILITY = YES;
				GCC_C_LANGUAGE_STANDARD = gnu11;
				GCC_DYNAMIC_NO_PIC = NO;
				GCC_NO_COMMON_BLOCKS = YES;
				GCC_OPTIMIZATION_LEVEL = 0;
				GCC_PREPROCESSOR_DEFINITIONS = (
					"DEBUG=1",
					"$(inherited)",
				);
				GCC_WARN_64_TO_32_BIT_CONVERSION = YES;
				GCC_WARN_ABOUT_RETURN_TYPE = YES_ERROR;
				GCC_WARN_UNDECLARED_SELECTOR = YES;
				GCC_WARN_UNINITIALIZED_AUTOS = YES_AGGRESSIVE;
				GCC_WARN_UNUSED_FUNCTION = YES;
				GCC_WARN_UNUSED_VARIABLE = YES;
				IPHONEOS_DEPLOYMENT_TARGET = 11.2;
				MTL_ENABLE_DEBUG_INFO = YES;
				ONLY_ACTIVE_ARCH = YES;
				SDKROOT = iphoneos;
				SWIFT_ACTIVE_COMPILATION_CONDITIONS = DEBUG;
				SWIFT_OPTIMIZATION_LEVEL = "-Onone";
			};
			name = Debug;
		};
		57058B8A1FFA32F500E2C91D /* Release */ = {
			isa = XCBuildConfiguration;
			buildSettings = {
				ALWAYS_SEARCH_USER_PATHS = NO;
				CLANG_ANALYZER_NONNULL = YES;
				CLANG_ANALYZER_NUMBER_OBJECT_CONVERSION = YES_AGGRESSIVE;
				CLANG_CXX_LANGUAGE_STANDARD = "gnu++14";
				CLANG_CXX_LIBRARY = "libc++";
				CLANG_ENABLE_MODULES = YES;
				CLANG_ENABLE_OBJC_ARC = YES;
				CLANG_WARN_BLOCK_CAPTURE_AUTORELEASING = YES;
				CLANG_WARN_BOOL_CONVERSION = YES;
				CLANG_WARN_COMMA = YES;
				CLANG_WARN_CONSTANT_CONVERSION = YES;
				CLANG_WARN_DIRECT_OBJC_ISA_USAGE = YES_ERROR;
				CLANG_WARN_DOCUMENTATION_COMMENTS = YES;
				CLANG_WARN_EMPTY_BODY = YES;
				CLANG_WARN_ENUM_CONVERSION = YES;
				CLANG_WARN_INFINITE_RECURSION = YES;
				CLANG_WARN_INT_CONVERSION = YES;
				CLANG_WARN_NON_LITERAL_NULL_CONVERSION = YES;
				CLANG_WARN_OBJC_LITERAL_CONVERSION = YES;
				CLANG_WARN_OBJC_ROOT_CLASS = YES_ERROR;
				CLANG_WARN_RANGE_LOOP_ANALYSIS = YES;
				CLANG_WARN_STRICT_PROTOTYPES = YES;
				CLANG_WARN_SUSPICIOUS_MOVE = YES;
				CLANG_WARN_UNGUARDED_AVAILABILITY = YES_AGGRESSIVE;
				CLANG_WARN_UNREACHABLE_CODE = YES;
				CLANG_WARN__DUPLICATE_METHOD_MATCH = YES;
				CODE_SIGN_IDENTITY = "iPhone Developer";
				COPY_PHASE_STRIP = NO;
				DEBUG_INFORMATION_FORMAT = "dwarf-with-dsym";
				ENABLE_NS_ASSERTIONS = NO;
				ENABLE_STRICT_OBJC_MSGSEND = YES;
				GCC_C_LANGUAGE_STANDARD = gnu11;
				GCC_NO_COMMON_BLOCKS = YES;
				GCC_WARN_64_TO_32_BIT_CONVERSION = YES;
				GCC_WARN_ABOUT_RETURN_TYPE = YES_ERROR;
				GCC_WARN_UNDECLARED_SELECTOR = YES;
				GCC_WARN_UNINITIALIZED_AUTOS = YES_AGGRESSIVE;
				GCC_WARN_UNUSED_FUNCTION = YES;
				GCC_WARN_UNUSED_VARIABLE = YES;
				IPHONEOS_DEPLOYMENT_TARGET = 11.2;
				MTL_ENABLE_DEBUG_INFO = NO;
				SDKROOT = iphoneos;
				SWIFT_OPTIMIZATION_LEVEL = "-Owholemodule";
				VALIDATE_PRODUCT = YES;
			};
			name = Release;
		};
		57058B8C1FFA32F500E2C91D /* Debug */ = {
			isa = XCBuildConfiguration;
			baseConfigurationReference = 61663981781F5689983D7245 /* Pods-Demo.debug.xcconfig */;
			buildSettings = {
				ASSETCATALOG_COMPILER_APPICON_NAME = AppIcon;
				CODE_SIGN_STYLE = Automatic;
				DEVELOPMENT_TEAM = EYK5B5MFL7;
				INFOPLIST_FILE = Demo/Info.plist;
				LD_RUNPATH_SEARCH_PATHS = "$(inherited) @executable_path/Frameworks";
				PRODUCT_BUNDLE_IDENTIFIER = jp.ergo.zawift.Demo;
				PRODUCT_NAME = "$(TARGET_NAME)";
				SWIFT_VERSION = 4.0;
				TARGETED_DEVICE_FAMILY = "1,2";
			};
			name = Debug;
		};
		57058B8D1FFA32F500E2C91D /* Release */ = {
			isa = XCBuildConfiguration;
			baseConfigurationReference = 2F9EF0078EF75E01DCDB7D9A /* Pods-Demo.release.xcconfig */;
			buildSettings = {
				ASSETCATALOG_COMPILER_APPICON_NAME = AppIcon;
				CODE_SIGN_STYLE = Automatic;
				DEVELOPMENT_TEAM = EYK5B5MFL7;
				INFOPLIST_FILE = Demo/Info.plist;
				LD_RUNPATH_SEARCH_PATHS = "$(inherited) @executable_path/Frameworks";
				PRODUCT_BUNDLE_IDENTIFIER = jp.ergo.zawift.Demo;
				PRODUCT_NAME = "$(TARGET_NAME)";
				SWIFT_VERSION = 4.0;
				TARGETED_DEVICE_FAMILY = "1,2";
			};
			name = Release;
		};
		57058B8F1FFA32F500E2C91D /* Debug */ = {
			isa = XCBuildConfiguration;
			baseConfigurationReference = 688AA5E4F3B880371A889D4D /* Pods-DemoTests.debug.xcconfig */;
			buildSettings = {
				ALWAYS_EMBED_SWIFT_STANDARD_LIBRARIES = YES;
				BUNDLE_LOADER = "$(TEST_HOST)";
				CODE_SIGN_STYLE = Automatic;
				DEVELOPMENT_TEAM = EYK5B5MFL7;
				INFOPLIST_FILE = DemoTests/Info.plist;
				LD_RUNPATH_SEARCH_PATHS = "$(inherited) @executable_path/Frameworks @loader_path/Frameworks";
				PRODUCT_BUNDLE_IDENTIFIER = jp.ergo.zawift.DemoTests;
				PRODUCT_NAME = "$(TARGET_NAME)";
				SWIFT_VERSION = 4.0;
				TARGETED_DEVICE_FAMILY = "1,2";
				TEST_HOST = "$(BUILT_PRODUCTS_DIR)/Demo.app/Demo";
			};
			name = Debug;
		};
		57058B901FFA32F500E2C91D /* Release */ = {
			isa = XCBuildConfiguration;
			baseConfigurationReference = 8A93AA372D23FC51F4F70F03 /* Pods-DemoTests.release.xcconfig */;
			buildSettings = {
				ALWAYS_EMBED_SWIFT_STANDARD_LIBRARIES = YES;
				BUNDLE_LOADER = "$(TEST_HOST)";
				CODE_SIGN_STYLE = Automatic;
				DEVELOPMENT_TEAM = EYK5B5MFL7;
				INFOPLIST_FILE = DemoTests/Info.plist;
				LD_RUNPATH_SEARCH_PATHS = "$(inherited) @executable_path/Frameworks @loader_path/Frameworks";
				PRODUCT_BUNDLE_IDENTIFIER = jp.ergo.zawift.DemoTests;
				PRODUCT_NAME = "$(TARGET_NAME)";
				SWIFT_VERSION = 4.0;
				TARGETED_DEVICE_FAMILY = "1,2";
				TEST_HOST = "$(BUILT_PRODUCTS_DIR)/Demo.app/Demo";
			};
			name = Release;
		};
		57058B921FFA32F500E2C91D /* Debug */ = {
			isa = XCBuildConfiguration;
			buildSettings = {
				ALWAYS_EMBED_SWIFT_STANDARD_LIBRARIES = YES;
				CODE_SIGN_STYLE = Automatic;
				DEVELOPMENT_TEAM = EYK5B5MFL7;
				INFOPLIST_FILE = DemoUITests/Info.plist;
				LD_RUNPATH_SEARCH_PATHS = "$(inherited) @executable_path/Frameworks @loader_path/Frameworks";
				PRODUCT_BUNDLE_IDENTIFIER = jp.ergo.zawift.DemoUITests;
				PRODUCT_NAME = "$(TARGET_NAME)";
				SWIFT_VERSION = 4.0;
				TARGETED_DEVICE_FAMILY = "1,2";
				TEST_TARGET_NAME = Demo;
			};
			name = Debug;
		};
		57058B931FFA32F500E2C91D /* Release */ = {
			isa = XCBuildConfiguration;
			buildSettings = {
				ALWAYS_EMBED_SWIFT_STANDARD_LIBRARIES = YES;
				CODE_SIGN_STYLE = Automatic;
				DEVELOPMENT_TEAM = EYK5B5MFL7;
				INFOPLIST_FILE = DemoUITests/Info.plist;
				LD_RUNPATH_SEARCH_PATHS = "$(inherited) @executable_path/Frameworks @loader_path/Frameworks";
				PRODUCT_BUNDLE_IDENTIFIER = jp.ergo.zawift.DemoUITests;
				PRODUCT_NAME = "$(TARGET_NAME)";
				SWIFT_VERSION = 4.0;
				TARGETED_DEVICE_FAMILY = "1,2";
				TEST_TARGET_NAME = Demo;
			};
			name = Release;
		};
/* End XCBuildConfiguration section */

/* Begin XCConfigurationList section */
		57058B5E1FFA32F500E2C91D /* Build configuration list for PBXProject "Demo" */ = {
			isa = XCConfigurationList;
			buildConfigurations = (
				57058B891FFA32F500E2C91D /* Debug */,
				57058B8A1FFA32F500E2C91D /* Release */,
			);
			defaultConfigurationIsVisible = 0;
			defaultConfigurationName = Release;
		};
		57058B8B1FFA32F500E2C91D /* Build configuration list for PBXNativeTarget "Demo" */ = {
			isa = XCConfigurationList;
			buildConfigurations = (
				57058B8C1FFA32F500E2C91D /* Debug */,
				57058B8D1FFA32F500E2C91D /* Release */,
			);
			defaultConfigurationIsVisible = 0;
			defaultConfigurationName = Release;
		};
		57058B8E1FFA32F500E2C91D /* Build configuration list for PBXNativeTarget "DemoTests" */ = {
			isa = XCConfigurationList;
			buildConfigurations = (
				57058B8F1FFA32F500E2C91D /* Debug */,
				57058B901FFA32F500E2C91D /* Release */,
			);
			defaultConfigurationIsVisible = 0;
			defaultConfigurationName = Release;
		};
		57058B911FFA32F500E2C91D /* Build configuration list for PBXNativeTarget "DemoUITests" */ = {
			isa = XCConfigurationList;
			buildConfigurations = (
				57058B921FFA32F500E2C91D /* Debug */,
				57058B931FFA32F500E2C91D /* Release */,
			);
			defaultConfigurationIsVisible = 0;
			defaultConfigurationName = Release;
		};
/* End XCConfigurationList section */
	};
	rootObject = 57058B5B1FFA32F500E2C91D /* Project object */;
}
